
Microsoft Visual Studio Solution File, Format Version 12.00
# Visual Studio Version 16
VisualStudioVersion = 16.0.31829.152
MinimumVisualStudioVersion = 10.0.40219.1
Project("{8BC9CEB8-8B4A-11D0-8D11-00A0C91BC942}") = "test", "test\test.vcxproj", "{C42CA803-AA34-47BE-BC9A-ECC7A40EEBDA}"
EndProject
Global
	GlobalSection(SolutionConfigurationPlatforms) = preSolution
		Debug|x64 = Debug|x64
		Debug|x86 = Debug|x86
		Release|x64 = Release|x64
		Release|x86 = Release|x86
	EndGlobalSection
	GlobalSection(ProjectConfigurationPlatforms) = postSolution
		{C42CA803-AA34-47BE-BC9A-ECC7A40EEBDA}.Debug|x64.ActiveCfg = Debug|x64
		{C42CA803-AA34-47BE-BC9A-ECC7A40EEBDA}.Debug|x64.Build.0 = Debug|x64
		{C42CA803-AA34-47BE-BC9A-ECC7A40EEBDA}.Debug|x86.ActiveCfg = Debug|Win32
		{C42CA803-AA34-47BE-BC9A-ECC7A40EEBDA}.Debug|x86.Build.0 = Debug|Win32
		{C42CA803-AA34-47BE-BC9A-ECC7A40EEBDA}.Release|x64.ActiveCfg = Release|x64
		{C42CA803-AA34-47BE-BC9A-ECC7A40EEBDA}.Release|x64.Build.0 = Release|x64
		{C42CA803-AA34-47BE-BC9A-ECC7A40EEBDA}.Release|x86.ActiveCfg = Release|Win32
		{C42CA803-AA34-47BE-BC9A-ECC7A40EEBDA}.Release|x86.Build.0 = Release|Win32
	EndGlobalSection
	GlobalSection(SolutionProperties) = preSolution
		HideSolutionNode = FALSE
	EndGlobalSection
	GlobalSection(ExtensibilityGlobals) = postSolution
		SolutionGuid = {9F293D7F-9FC1-462C-9338-EBE2E44AEADC}
	EndGlobalSection
EndGlobal
